
Microsoft Visual Studio Solution File, Format Version 12.00
# Visual Studio 2013
VisualStudioVersion = 12.0.21005.1
MinimumVisualStudioVersion = 10.0.40219.1
Project("{F2A71F9B-5D33-465A-A702-920D77279786}") = "FractalForest", "FractalForest\FractalForest.fsproj", "{5DDFF5EA-F4C5-4AF3-9A39-08DC41B0554B}"
EndProject
Global
	GlobalSection(SolutionConfigurationPlatforms) = preSolution
		Debug|Any CPU = Debug|Any CPU
		Release|Any CPU = Release|Any CPU
	EndGlobalSection
	GlobalSection(ProjectConfigurationPlatforms) = postSolution
		{5DDFF5EA-F4C5-4AF3-9A39-08DC41B0554B}.Debug|Any CPU.ActiveCfg = Debug|Any CPU
		{5DDFF5EA-F4C5-4AF3-9A39-08DC41B0554B}.Debug|Any CPU.Build.0 = Debug|Any CPU
		{5DDFF5EA-F4C5-4AF3-9A39-08DC41B0554B}.Release|Any CPU.ActiveCfg = Release|Any CPU
		{5DDFF5EA-F4C5-4AF3-9A39-08DC41B0554B}.Release|Any CPU.Build.0 = Release|Any CPU
	EndGlobalSection
	GlobalSection(SolutionProperties) = preSolution
		HideSolutionNode = FALSE
	EndGlobalSection
EndGlobal
